
Microsoft Visual Studio Solution File, Format Version 12.00
# Visual Studio 14
VisualStudioVersion = 14.0.25420.1
MinimumVisualStudioVersion = 10.0.40219.1
Project("{FAE04EC0-301F-11D3-BF4B-00C04F79EFBC}") = "Vrh.EventHub.Core", "Vrh.EventHub.Core\Vrh.EventHub.Core.csproj", "{7E210CD2-9505-49F0-ADF6-175E1825D607}"
EndProject
Project("{FAE04EC0-301F-11D3-BF4B-00C04F79EFBC}") = "Vrh.EventHub.SandBox", "Vrh.EventHub.SandBox\Vrh.EventHub.SandBox.csproj", "{7CA8FEF8-A63A-4E64-8762-AE34E2C16372}"
EndProject
Project("{2150E333-8FDC-42A3-9474-1A3956D46DE8}") = "Core", "Core", "{677EA526-8719-4E10-B3D4-F0FD691EC497}"
EndProject
Project("{2150E333-8FDC-42A3-9474-1A3956D46DE8}") = "Protocols", "Protocols", "{C5831306-686A-43F7-AB34-BF9814397004}"
EndProject
Project("{FAE04EC0-301F-11D3-BF4B-00C04F79EFBC}") = "Vrh.EventHub.Core.Test", "Vrh.EventHub.Core.Test\Vrh.EventHub.Core.Test.csproj", "{08E9578F-987F-4805-A9E9-3E3BB85E8498}"
EndProject
Project("{2150E333-8FDC-42A3-9474-1A3956D46DE8}") = "Vrh.EventHub.Protocols.InsideApplication", "Vrh.EventHub.Protocols.InsideApplication", "{1E2046B4-0F72-4461-98AC-711598DF4CCB}"
EndProject
Project("{FAE04EC0-301F-11D3-BF4B-00C04F79EFBC}") = "Vrh.EventHub.Protocols.InsideApplication", "Vrh.EventHub.Protocols.InsideApplication\Vrh.EventHub.Protocols.InsideApplication.csproj", "{1D1F2DC7-BC21-4562-BCDC-2683BE14EF19}"
EndProject
Project("{FAE04EC0-301F-11D3-BF4B-00C04F79EFBC}") = "Vrh.EventHub.Protocols.InsideApplication.Test", "Vrh.EventHub.Protocols.InsideApplication.Test\Vrh.EventHub.Protocols.InsideApplication.Test.csproj", "{91AEDDCE-5524-4D41-9F52-431E48EA33E5}"
EndProject
Project("{FAE04EC0-301F-11D3-BF4B-00C04F79EFBC}") = "Vrh.EventHub.Protocols.RedisPubSub", "Vrh.EventHub.Protocols.RedisPubSub\Vrh.EventHub.Protocols.RedisPubSub.csproj", "{657EC52F-889B-47D8-83AC-2622FC71666F}"
EndProject
Project("{2150E333-8FDC-42A3-9474-1A3956D46DE8}") = "Vrh.EventHub.Protocols.RedisPubSub", "Vrh.EventHub.Protocols.RedisPubSub", "{FA2CD78B-FE7F-4113-BEF8-85F81FA1E01D}"
EndProject
Project("{2150E333-8FDC-42A3-9474-1A3956D46DE8}") = "TestsAndSamples", "TestsAndSamples", "{DFF6AC50-958A-442F-A4FC-671F6C4AEB34}"
EndProject
Project("{2150E333-8FDC-42A3-9474-1A3956D46DE8}") = "Performance", "Performance", "{650DB0D3-0E51-4AC4-BDE7-F81B8A2EC0BC}"
EndProject
Project("{FAE04EC0-301F-11D3-BF4B-00C04F79EFBC}") = "Endpoint1", "Endpoint1\Endpoint1.csproj", "{C26ECF5E-BC4A-4A83-AC6F-B672E19FBC73}"
EndProject
Project("{FAE04EC0-301F-11D3-BF4B-00C04F79EFBC}") = "Endpoint2", "Endpoint2\Endpoint2.csproj", "{AE4802B9-D642-4EC5-9619-DEA41C11B852}"
EndProject
Project("{2150E333-8FDC-42A3-9474-1A3956D46DE8}") = "Samples", "Samples", "{C2D92009-C249-4A22-805E-F08BE542078C}"
EndProject
Project("{FAE04EC0-301F-11D3-BF4B-00C04F79EFBC}") = "EventhubUseSamples", "EventhubUseSamples\EventhubUseSamples.csproj", "{BAF00237-283F-4586-9B3B-43CDEB000002}"
EndProject
Global
	GlobalSection(SolutionConfigurationPlatforms) = preSolution
		Debug|Any CPU = Debug|Any CPU
		Release|Any CPU = Release|Any CPU
	EndGlobalSection
	GlobalSection(ProjectConfigurationPlatforms) = postSolution
		{7E210CD2-9505-49F0-ADF6-175E1825D607}.Debug|Any CPU.ActiveCfg = Debug|Any CPU
		{7E210CD2-9505-49F0-ADF6-175E1825D607}.Debug|Any CPU.Build.0 = Debug|Any CPU
		{7E210CD2-9505-49F0-ADF6-175E1825D607}.Release|Any CPU.ActiveCfg = Release|Any CPU
		{7E210CD2-9505-49F0-ADF6-175E1825D607}.Release|Any CPU.Build.0 = Release|Any CPU
		{7CA8FEF8-A63A-4E64-8762-AE34E2C16372}.Debug|Any CPU.ActiveCfg = Debug|Any CPU
		{7CA8FEF8-A63A-4E64-8762-AE34E2C16372}.Debug|Any CPU.Build.0 = Debug|Any CPU
		{7CA8FEF8-A63A-4E64-8762-AE34E2C16372}.Release|Any CPU.ActiveCfg = Release|Any CPU
		{7CA8FEF8-A63A-4E64-8762-AE34E2C16372}.Release|Any CPU.Build.0 = Release|Any CPU
		{08E9578F-987F-4805-A9E9-3E3BB85E8498}.Debug|Any CPU.ActiveCfg = Debug|Any CPU
		{08E9578F-987F-4805-A9E9-3E3BB85E8498}.Debug|Any CPU.Build.0 = Debug|Any CPU
		{08E9578F-987F-4805-A9E9-3E3BB85E8498}.Release|Any CPU.ActiveCfg = Release|Any CPU
		{08E9578F-987F-4805-A9E9-3E3BB85E8498}.Release|Any CPU.Build.0 = Release|Any CPU
		{1D1F2DC7-BC21-4562-BCDC-2683BE14EF19}.Debug|Any CPU.ActiveCfg = Debug|Any CPU
		{1D1F2DC7-BC21-4562-BCDC-2683BE14EF19}.Debug|Any CPU.Build.0 = Debug|Any CPU
		{1D1F2DC7-BC21-4562-BCDC-2683BE14EF19}.Release|Any CPU.ActiveCfg = Release|Any CPU
		{1D1F2DC7-BC21-4562-BCDC-2683BE14EF19}.Release|Any CPU.Build.0 = Release|Any CPU
		{91AEDDCE-5524-4D41-9F52-431E48EA33E5}.Debug|Any CPU.ActiveCfg = Debug|Any CPU
		{91AEDDCE-5524-4D41-9F52-431E48EA33E5}.Debug|Any CPU.Build.0 = Debug|Any CPU
		{91AEDDCE-5524-4D41-9F52-431E48EA33E5}.Release|Any CPU.ActiveCfg = Release|Any CPU
		{91AEDDCE-5524-4D41-9F52-431E48EA33E5}.Release|Any CPU.Build.0 = Release|Any CPU
		{657EC52F-889B-47D8-83AC-2622FC71666F}.Debug|Any CPU.ActiveCfg = Debug|Any CPU
		{657EC52F-889B-47D8-83AC-2622FC71666F}.Debug|Any CPU.Build.0 = Debug|Any CPU
		{657EC52F-889B-47D8-83AC-2622FC71666F}.Release|Any CPU.ActiveCfg = Release|Any CPU
		{657EC52F-889B-47D8-83AC-2622FC71666F}.Release|Any CPU.Build.0 = Release|Any CPU
		{C26ECF5E-BC4A-4A83-AC6F-B672E19FBC73}.Debug|Any CPU.ActiveCfg = Debug|Any CPU
		{C26ECF5E-BC4A-4A83-AC6F-B672E19FBC73}.Debug|Any CPU.Build.0 = Debug|Any CPU
		{C26ECF5E-BC4A-4A83-AC6F-B672E19FBC73}.Release|Any CPU.ActiveCfg = Release|Any CPU
		{C26ECF5E-BC4A-4A83-AC6F-B672E19FBC73}.Release|Any CPU.Build.0 = Release|Any CPU
		{AE4802B9-D642-4EC5-9619-DEA41C11B852}.Debug|Any CPU.ActiveCfg = Debug|Any CPU
		{AE4802B9-D642-4EC5-9619-DEA41C11B852}.Debug|Any CPU.Build.0 = Debug|Any CPU
		{AE4802B9-D642-4EC5-9619-DEA41C11B852}.Release|Any CPU.ActiveCfg = Release|Any CPU
		{AE4802B9-D642-4EC5-9619-DEA41C11B852}.Release|Any CPU.Build.0 = Release|Any CPU
		{BAF00237-283F-4586-9B3B-43CDEB000002}.Debug|Any CPU.ActiveCfg = Debug|Any CPU
		{BAF00237-283F-4586-9B3B-43CDEB000002}.Debug|Any CPU.Build.0 = Debug|Any CPU
		{BAF00237-283F-4586-9B3B-43CDEB000002}.Release|Any CPU.ActiveCfg = Release|Any CPU
		{BAF00237-283F-4586-9B3B-43CDEB000002}.Release|Any CPU.Build.0 = Release|Any CPU
	EndGlobalSection
	GlobalSection(SolutionProperties) = preSolution
		HideSolutionNode = FALSE
	EndGlobalSection
	GlobalSection(NestedProjects) = preSolution
		{7E210CD2-9505-49F0-ADF6-175E1825D607} = {677EA526-8719-4E10-B3D4-F0FD691EC497}
		{7CA8FEF8-A63A-4E64-8762-AE34E2C16372} = {DFF6AC50-958A-442F-A4FC-671F6C4AEB34}
		{08E9578F-987F-4805-A9E9-3E3BB85E8498} = {677EA526-8719-4E10-B3D4-F0FD691EC497}
		{1E2046B4-0F72-4461-98AC-711598DF4CCB} = {C5831306-686A-43F7-AB34-BF9814397004}
		{1D1F2DC7-BC21-4562-BCDC-2683BE14EF19} = {1E2046B4-0F72-4461-98AC-711598DF4CCB}
		{91AEDDCE-5524-4D41-9F52-431E48EA33E5} = {1E2046B4-0F72-4461-98AC-711598DF4CCB}
		{657EC52F-889B-47D8-83AC-2622FC71666F} = {FA2CD78B-FE7F-4113-BEF8-85F81FA1E01D}
		{FA2CD78B-FE7F-4113-BEF8-85F81FA1E01D} = {C5831306-686A-43F7-AB34-BF9814397004}
		{650DB0D3-0E51-4AC4-BDE7-F81B8A2EC0BC} = {DFF6AC50-958A-442F-A4FC-671F6C4AEB34}
		{C26ECF5E-BC4A-4A83-AC6F-B672E19FBC73} = {650DB0D3-0E51-4AC4-BDE7-F81B8A2EC0BC}
		{AE4802B9-D642-4EC5-9619-DEA41C11B852} = {650DB0D3-0E51-4AC4-BDE7-F81B8A2EC0BC}
		{C2D92009-C249-4A22-805E-F08BE542078C} = {DFF6AC50-958A-442F-A4FC-671F6C4AEB34}
		{BAF00237-283F-4586-9B3B-43CDEB000002} = {C2D92009-C249-4A22-805E-F08BE542078C}
	EndGlobalSection
EndGlobal
